
Microsoft Visual Studio Solution File, Format Version 12.00
# Visual Studio Version 16
VisualStudioVersion = 16.0.31005.135
MinimumVisualStudioVersion = 10.0.40219.1
Project("{FAE04EC0-301F-11D3-BF4B-00C04F79EFBC}") = "Algoritmos_DekkerPeterson", "Algoritmos_DekkerPeterson.csproj", "{B3FECF29-5144-4F9C-9CE4-7194992B7AC4}"
EndProject
Global
	GlobalSection(SolutionConfigurationPlatforms) = preSolution
		Debug|Any CPU = Debug|Any CPU
		Release|Any CPU = Release|Any CPU
	EndGlobalSection
	GlobalSection(ProjectConfigurationPlatforms) = postSolution
		{B3FECF29-5144-4F9C-9CE4-7194992B7AC4}.Debug|Any CPU.ActiveCfg = Debug|Any CPU
		{B3FECF29-5144-4F9C-9CE4-7194992B7AC4}.Debug|Any CPU.Build.0 = Debug|Any CPU
		{B3FECF29-5144-4F9C-9CE4-7194992B7AC4}.Release|Any CPU.ActiveCfg = Release|Any CPU
		{B3FECF29-5144-4F9C-9CE4-7194992B7AC4}.Release|Any CPU.Build.0 = Release|Any CPU
	EndGlobalSection
	GlobalSection(SolutionProperties) = preSolution
		HideSolutionNode = FALSE
	EndGlobalSection
	GlobalSection(ExtensibilityGlobals) = postSolution
		SolutionGuid = {A525F720-FA31-4905-82BC-3E6827E07A55}
	EndGlobalSection
EndGlobal
